// !$*UTF8*$!
{
	archiveVersion = 1;
	classes = {
	};
	objectVersion = 56;
	objects = {

/* Begin PBXBuildFile section */
		A20B6B682AFD795E008456C3 /* Core.swift in Sources */ = {isa = PBXBuildFile; fileRef = A20B6B672AFD795E008456C3 /* Core.swift */; };
		A2424F172AFBFAC800F703A3 /* TenkApp.swift in Sources */ = {isa = PBXBuildFile; fileRef = A2424F162AFBFAC800F703A3 /* TenkApp.swift */; };
		A2424F192AFBFAC800F703A3 /* ContentView.swift in Sources */ = {isa = PBXBuildFile; fileRef = A2424F182AFBFAC800F703A3 /* ContentView.swift */; };
		A2424F1B2AFBFACA00F703A3 /* Assets.xcassets in Resources */ = {isa = PBXBuildFile; fileRef = A2424F1A2AFBFACA00F703A3 /* Assets.xcassets */; };
		A2424F1E2AFBFACA00F703A3 /* Preview Assets.xcassets in Resources */ = {isa = PBXBuildFile; fileRef = A2424F1D2AFBFACA00F703A3 /* Preview Assets.xcassets */; };
		A2424F262AFC00D200F703A3 /* README.md in Resources */ = {isa = PBXBuildFile; fileRef = A2424F252AFC00D200F703A3 /* README.md */; };
		A28775642AFF9A7F00422551 /* SignInView.swift in Sources */ = {isa = PBXBuildFile; fileRef = A28775632AFF9A7F00422551 /* SignInView.swift */; };
		A28775662AFF9EE200422551 /* BackgroundView.swift in Sources */ = {isa = PBXBuildFile; fileRef = A28775652AFF9EE200422551 /* BackgroundView.swift */; };
		A28775682AFFACE800422551 /* User.swift in Sources */ = {isa = PBXBuildFile; fileRef = A28775672AFFACE800422551 /* User.swift */; };
		A287756A2AFFAF7300422551 /* MainView.swift in Sources */ = {isa = PBXBuildFile; fileRef = A28775692AFFAF7300422551 /* MainView.swift */; };
		A287756C2AFFAF8700422551 /* AboutView.swift in Sources */ = {isa = PBXBuildFile; fileRef = A287756B2AFFAF8700422551 /* AboutView.swift */; };
/* End PBXBuildFile section */

/* Begin PBXFileReference section */
		A20B6B672AFD795E008456C3 /* Core.swift */ = {isa = PBXFileReference; lastKnownFileType = sourcecode.swift; path = Core.swift; sourceTree = "<group>"; };
		A2424F132AFBFAC800F703A3 /* Tenk.app */ = {isa = PBXFileReference; explicitFileType = wrapper.application; includeInIndex = 0; path = Tenk.app; sourceTree = BUILT_PRODUCTS_DIR; };
		A2424F162AFBFAC800F703A3 /* TenkApp.swift */ = {isa = PBXFileReference; lastKnownFileType = sourcecode.swift; path = TenkApp.swift; sourceTree = "<group>"; };
		A2424F182AFBFAC800F703A3 /* ContentView.swift */ = {isa = PBXFileReference; lastKnownFileType = sourcecode.swift; path = ContentView.swift; sourceTree = "<group>"; };
		A2424F1A2AFBFACA00F703A3 /* Assets.xcassets */ = {isa = PBXFileReference; lastKnownFileType = folder.assetcatalog; path = Assets.xcassets; sourceTree = "<group>"; };
		A2424F1D2AFBFACA00F703A3 /* Preview Assets.xcassets */ = {isa = PBXFileReference; lastKnownFileType = folder.assetcatalog; path = "Preview Assets.xcassets"; sourceTree = "<group>"; };
		A2424F242AFBFD8F00F703A3 /* Tenk.entitlements */ = {isa = PBXFileReference; lastKnownFileType = text.plist.entitlements; path = Tenk.entitlements; sourceTree = "<group>"; };
		A2424F252AFC00D200F703A3 /* README.md */ = {isa = PBXFileReference; lastKnownFileType = net.daringfireball.markdown; path = README.md; sourceTree = "<group>"; };
		A28775632AFF9A7F00422551 /* SignInView.swift */ = {isa = PBXFileReference; lastKnownFileType = sourcecode.swift; path = SignInView.swift; sourceTree = "<group>"; };
		A28775652AFF9EE200422551 /* BackgroundView.swift */ = {isa = PBXFileReference; lastKnownFileType = sourcecode.swift; path = BackgroundView.swift; sourceTree = "<group>"; };
		A28775672AFFACE800422551 /* User.swift */ = {isa = PBXFileReference; lastKnownFileType = sourcecode.swift; path = User.swift; sourceTree = "<group>"; };
		A28775692AFFAF7300422551 /* MainView.swift */ = {isa = PBXFileReference; lastKnownFileType = sourcecode.swift; path = MainView.swift; sourceTree = "<group>"; };
		A287756B2AFFAF8700422551 /* AboutView.swift */ = {isa = PBXFileReference; lastKnownFileType = sourcecode.swift; path = AboutView.swift; sourceTree = "<group>"; };
/* End PBXFileReference section */

/* Begin PBXFrameworksBuildPhase section */
		A2424F102AFBFAC800F703A3 /* Frameworks */ = {
			isa = PBXFrameworksBuildPhase;
			buildActionMask = 2147483647;
			files = (
			);
			runOnlyForDeploymentPostprocessing = 0;
		};
/* End PBXFrameworksBuildPhase section */

/* Begin PBXGroup section */
		A2424F0A2AFBFAC800F703A3 = {
			isa = PBXGroup;
			children = (
				A2424F252AFC00D200F703A3 /* README.md */,
				A2424F152AFBFAC800F703A3 /* Tenk */,
				A2424F142AFBFAC800F703A3 /* Products */,
			);
			sourceTree = "<group>";
		};
		A2424F142AFBFAC800F703A3 /* Products */ = {
			isa = PBXGroup;
			children = (
				A2424F132AFBFAC800F703A3 /* Tenk.app */,
			);
			name = Products;
			sourceTree = "<group>";
		};
		A2424F152AFBFAC800F703A3 /* Tenk */ = {
			isa = PBXGroup;
			children = (
				A2424F242AFBFD8F00F703A3 /* Tenk.entitlements */,
				A2424F162AFBFAC800F703A3 /* TenkApp.swift */,
				A28775632AFF9A7F00422551 /* SignInView.swift */,
				A28775652AFF9EE200422551 /* BackgroundView.swift */,
				A2424F182AFBFAC800F703A3 /* ContentView.swift */,
				A28775692AFFAF7300422551 /* MainView.swift */,
				A287756B2AFFAF8700422551 /* AboutView.swift */,
				A2424F1A2AFBFACA00F703A3 /* Assets.xcassets */,
				A2424F1C2AFBFACA00F703A3 /* Preview Content */,
				A20B6B672AFD795E008456C3 /* Core.swift */,
				A28775672AFFACE800422551 /* User.swift */,
			);
			path = Tenk;
			sourceTree = "<group>";
		};
		A2424F1C2AFBFACA00F703A3 /* Preview Content */ = {
			isa = PBXGroup;
			children = (
				A2424F1D2AFBFACA00F703A3 /* Preview Assets.xcassets */,
			);
			path = "Preview Content";
			sourceTree = "<group>";
		};
/* End PBXGroup section */

/* Begin PBXNativeTarget section */
		A2424F122AFBFAC800F703A3 /* Tenk */ = {
			isa = PBXNativeTarget;
			buildConfigurationList = A2424F212AFBFACA00F703A3 /* Build configuration list for PBXNativeTarget "Tenk" */;
			buildPhases = (
				A2424F0F2AFBFAC800F703A3 /* Sources */,
				A2424F102AFBFAC800F703A3 /* Frameworks */,
				A2424F112AFBFAC800F703A3 /* Resources */,
			);
			buildRules = (
			);
			dependencies = (
			);
			name = Tenk;
			productName = Tenk;
			productReference = A2424F132AFBFAC800F703A3 /* Tenk.app */;
			productType = "com.apple.product-type.application";
		};
/* End PBXNativeTarget section */

/* Begin PBXProject section */
		A2424F0B2AFBFAC800F703A3 /* Project object */ = {
			isa = PBXProject;
			attributes = {
				BuildIndependentTargetsInParallel = 1;
				LastSwiftUpdateCheck = 1500;
				LastUpgradeCheck = 1500;
				TargetAttributes = {
					A2424F122AFBFAC800F703A3 = {
						CreatedOnToolsVersion = 15.0.1;
					};
				};
			};
			buildConfigurationList = A2424F0E2AFBFAC800F703A3 /* Build configuration list for PBXProject "Tenk" */;
			compatibilityVersion = "Xcode 14.0";
			developmentRegion = en;
			hasScannedForEncodings = 0;
			knownRegions = (
				en,
				Base,
			);
			mainGroup = A2424F0A2AFBFAC800F703A3;
			productRefGroup = A2424F142AFBFAC800F703A3 /* Products */;
			projectDirPath = "";
			projectRoot = "";
			targets = (
				A2424F122AFBFAC800F703A3 /* Tenk */,
			);
		};
/* End PBXProject section */

/* Begin PBXResourcesBuildPhase section */
		A2424F112AFBFAC800F703A3 /* Resources */ = {
			isa = PBXResourcesBuildPhase;
			buildActionMask = 2147483647;
			files = (
				A2424F262AFC00D200F703A3 /* README.md in Resources */,
				A2424F1E2AFBFACA00F703A3 /* Preview Assets.xcassets in Resources */,
				A2424F1B2AFBFACA00F703A3 /* Assets.xcassets in Resources */,
			);
			runOnlyForDeploymentPostprocessing = 0;
		};
/* End PBXResourcesBuildPhase section */

/* Begin PBXSourcesBuildPhase section */
		A2424F0F2AFBFAC800F703A3 /* Sources */ = {
			isa = PBXSourcesBuildPhase;
			buildActionMask = 2147483647;
			files = (
				A287756C2AFFAF8700422551 /* AboutView.swift in Sources */,
				A28775662AFF9EE200422551 /* BackgroundView.swift in Sources */,
				A287756A2AFFAF7300422551 /* MainView.swift in Sources */,
				A20B6B682AFD795E008456C3 /* Core.swift in Sources */,
				A28775682AFFACE800422551 /* User.swift in Sources */,
				A2424F192AFBFAC800F703A3 /* ContentView.swift in Sources */,
				A28775642AFF9A7F00422551 /* SignInView.swift in Sources */,
				A2424F172AFBFAC800F703A3 /* TenkApp.swift in Sources */,
			);
			runOnlyForDeploymentPostprocessing = 0;
		};
/* End PBXSourcesBuildPhase section */

/* Begin XCBuildConfiguration section */
		A2424F1F2AFBFACA00F703A3 /* Debug */ = {
			isa = XCBuildConfiguration;
			buildSettings = {
				ALWAYS_SEARCH_USER_PATHS = NO;
				ASSETCATALOG_COMPILER_GENERATE_SWIFT_ASSET_SYMBOL_EXTENSIONS = YES;
				CLANG_ANALYZER_NONNULL = YES;
				CLANG_ANALYZER_NUMBER_OBJECT_CONVERSION = YES_AGGRESSIVE;
				CLANG_CXX_LANGUAGE_STANDARD = "gnu++20";
				CLANG_ENABLE_MODULES = YES;
				CLANG_ENABLE_OBJC_ARC = YES;
				CLANG_ENABLE_OBJC_WEAK = YES;
				CLANG_WARN_BLOCK_CAPTURE_AUTORELEASING = YES;
				CLANG_WARN_BOOL_CONVERSION = YES;
				CLANG_WARN_COMMA = YES;
				CLANG_WARN_CONSTANT_CONVERSION = YES;
				CLANG_WARN_DEPRECATED_OBJC_IMPLEMENTATIONS = YES;
				CLANG_WARN_DIRECT_OBJC_ISA_USAGE = YES_ERROR;
				CLANG_WARN_DOCUMENTATION_COMMENTS = YES;
				CLANG_WARN_EMPTY_BODY = YES;
				CLANG_WARN_ENUM_CONVERSION = YES;
				CLANG_WARN_INFINITE_RECURSION = YES;
				CLANG_WARN_INT_CONVERSION = YES;
				CLANG_WARN_NON_LITERAL_NULL_CONVERSION = YES;
				CLANG_WARN_OBJC_IMPLICIT_RETAIN_SELF = YES;
				CLANG_WARN_OBJC_LITERAL_CONVERSION = YES;
				CLANG_WARN_OBJC_ROOT_CLASS = YES_ERROR;
				CLANG_WARN_QUOTED_INCLUDE_IN_FRAMEWORK_HEADER = YES;
				CLANG_WARN_RANGE_LOOP_ANALYSIS = YES;
				CLANG_WARN_STRICT_PROTOTYPES = YES;
				CLANG_WARN_SUSPICIOUS_MOVE = YES;
				CLANG_WARN_UNGUARDED_AVAILABILITY = YES_AGGRESSIVE;
				CLANG_WARN_UNREACHABLE_CODE = YES;
				CLANG_WARN__DUPLICATE_METHOD_MATCH = YES;
				COPY_PHASE_STRIP = NO;
				DEBUG_INFORMATION_FORMAT = dwarf;
				ENABLE_STRICT_OBJC_MSGSEND = YES;
				ENABLE_TESTABILITY = YES;
				ENABLE_USER_SCRIPT_SANDBOXING = YES;
				GCC_C_LANGUAGE_STANDARD = gnu17;
				GCC_DYNAMIC_NO_PIC = NO;
				GCC_NO_COMMON_BLOCKS = YES;
				GCC_OPTIMIZATION_LEVEL = 0;
				GCC_PREPROCESSOR_DEFINITIONS = (
					"DEBUG=1",
					"$(inherited)",
				);
				GCC_WARN_64_TO_32_BIT_CONVERSION = YES;
				GCC_WARN_ABOUT_RETURN_TYPE = YES_ERROR;
				GCC_WARN_UNDECLARED_SELECTOR = YES;
				GCC_WARN_UNINITIALIZED_AUTOS = YES_AGGRESSIVE;
				GCC_WARN_UNUSED_FUNCTION = YES;
				GCC_WARN_UNUSED_VARIABLE = YES;
				IPHONEOS_DEPLOYMENT_TARGET = 17.0;
				LOCALIZATION_PREFERS_STRING_CATALOGS = YES;
				MTL_ENABLE_DEBUG_INFO = INCLUDE_SOURCE;
				MTL_FAST_MATH = YES;
				ONLY_ACTIVE_ARCH = YES;
				SDKROOT = iphoneos;
				SWIFT_ACTIVE_COMPILATION_CONDITIONS = "DEBUG $(inherited)";
				SWIFT_OPTIMIZATION_LEVEL = "-Onone";
			};
			name = Debug;
		};
		A2424F202AFBFACA00F703A3 /* Release */ = {
			isa = XCBuildConfiguration;
			buildSettings = {
				ALWAYS_SEARCH_USER_PATHS = NO;
				ASSETCATALOG_COMPILER_GENERATE_SWIFT_ASSET_SYMBOL_EXTENSIONS = YES;
				CLANG_ANALYZER_NONNULL = YES;
				CLANG_ANALYZER_NUMBER_OBJECT_CONVERSION = YES_AGGRESSIVE;
				CLANG_CXX_LANGUAGE_STANDARD = "gnu++20";
				CLANG_ENABLE_MODULES = YES;
				CLANG_ENABLE_OBJC_ARC = YES;
				CLANG_ENABLE_OBJC_WEAK = YES;
				CLANG_WARN_BLOCK_CAPTURE_AUTORELEASING = YES;
				CLANG_WARN_BOOL_CONVERSION = YES;
				CLANG_WARN_COMMA = YES;
				CLANG_WARN_CONSTANT_CONVERSION = YES;
				CLANG_WARN_DEPRECATED_OBJC_IMPLEMENTATIONS = YES;
				CLANG_WARN_DIRECT_OBJC_ISA_USAGE = YES_ERROR;
				CLANG_WARN_DOCUMENTATION_COMMENTS = YES;
				CLANG_WARN_EMPTY_BODY = YES;
				CLANG_WARN_ENUM_CONVERSION = YES;
				CLANG_WARN_INFINITE_RECURSION = YES;
				CLANG_WARN_INT_CONVERSION = YES;
				CLANG_WARN_NON_LITERAL_NULL_CONVERSION = YES;
				CLANG_WARN_OBJC_IMPLICIT_RETAIN_SELF = YES;
				CLANG_WARN_OBJC_LITERAL_CONVERSION = YES;
				CLANG_WARN_OBJC_ROOT_CLASS = YES_ERROR;
				CLANG_WARN_QUOTED_INCLUDE_IN_FRAMEWORK_HEADER = YES;
				CLANG_WARN_RANGE_LOOP_ANALYSIS = YES;
				CLANG_WARN_STRICT_PROTOTYPES = YES;
				CLANG_WARN_SUSPICIOUS_MOVE = YES;
				CLANG_WARN_UNGUARDED_AVAILABILITY = YES_AGGRESSIVE;
				CLANG_WARN_UNREACHABLE_CODE = YES;
				CLANG_WARN__DUPLICATE_METHOD_MATCH = YES;
				COPY_PHASE_STRIP = NO;
				DEBUG_INFORMATION_FORMAT = "dwarf-with-dsym";
				ENABLE_NS_ASSERTIONS = NO;
				ENABLE_STRICT_OBJC_MSGSEND = YES;
				ENABLE_USER_SCRIPT_SANDBOXING = YES;
				GCC_C_LANGUAGE_STANDARD = gnu17;
				GCC_NO_COMMON_BLOCKS = YES;
				GCC_WARN_64_TO_32_BIT_CONVERSION = YES;
				GCC_WARN_ABOUT_RETURN_TYPE = YES_ERROR;
				GCC_WARN_UNDECLARED_SELECTOR = YES;
				GCC_WARN_UNINITIALIZED_AUTOS = YES_AGGRESSIVE;
				GCC_WARN_UNUSED_FUNCTION = YES;
				GCC_WARN_UNUSED_VARIABLE = YES;
				IPHONEOS_DEPLOYMENT_TARGET = 17.0;
				LOCALIZATION_PREFERS_STRING_CATALOGS = YES;
				MTL_ENABLE_DEBUG_INFO = NO;
				MTL_FAST_MATH = YES;
				SDKROOT = iphoneos;
				SWIFT_COMPILATION_MODE = wholemodule;
				VALIDATE_PRODUCT = YES;
			};
			name = Release;
		};
		A2424F222AFBFACA00F703A3 /* Debug */ = {
			isa = XCBuildConfiguration;
			buildSettings = {
				ASSETCATALOG_COMPILER_APPICON_NAME = AppIcon;
				ASSETCATALOG_COMPILER_GLOBAL_ACCENT_COLOR_NAME = AccentColor;
				CODE_SIGN_ENTITLEMENTS = Tenk/Tenk.entitlements;
				CODE_SIGN_STYLE = Automatic;
				CURRENT_PROJECT_VERSION = 1;
				DEVELOPMENT_ASSET_PATHS = "\"Tenk/Preview Content\"";
				DEVELOPMENT_TEAM = V6DK8MURYX;
				ENABLE_PREVIEWS = YES;
				GENERATE_INFOPLIST_FILE = YES;
				INFOPLIST_KEY_NSHealthShareUsageDescription = "Your health data is used to show you statistics and let you compare data against other people.";
				INFOPLIST_KEY_UIApplicationSceneManifest_Generation = YES;
				INFOPLIST_KEY_UIApplicationSupportsIndirectInputEvents = YES;
				INFOPLIST_KEY_UILaunchScreen_Generation = YES;
				INFOPLIST_KEY_UISupportedInterfaceOrientations_iPad = "UIInterfaceOrientationPortrait UIInterfaceOrientationPortraitUpsideDown UIInterfaceOrientationLandscapeLeft UIInterfaceOrientationLandscapeRight";
				INFOPLIST_KEY_UISupportedInterfaceOrientations_iPhone = "UIInterfaceOrientationPortrait UIInterfaceOrientationLandscapeLeft UIInterfaceOrientationLandscapeRight";
				LD_RUNPATH_SEARCH_PATHS = (
					"$(inherited)",
					"@executable_path/Frameworks",
				);
				MARKETING_VERSION = 1.0;
				PRODUCT_BUNDLE_IDENTIFIER = lu.cfx.Tenk;
				PRODUCT_NAME = "$(TARGET_NAME)";
				SWIFT_EMIT_LOC_STRINGS = YES;
				SWIFT_VERSION = 5.0;
				TARGETED_DEVICE_FAMILY = "1,2";
			};
			name = Debug;
		};
		A2424F232AFBFACA00F703A3 /* Release */ = {
			isa = XCBuildConfiguration;
			buildSettings = {
				ASSETCATALOG_COMPILER_APPICON_NAME = AppIcon;
				ASSETCATALOG_COMPILER_GLOBAL_ACCENT_COLOR_NAME = AccentColor;
				CODE_SIGN_ENTITLEMENTS = Tenk/Tenk.entitlements;
				CODE_SIGN_STYLE = Automatic;
				CURRENT_PROJECT_VERSION = 1;
				DEVELOPMENT_ASSET_PATHS = "\"Tenk/Preview Content\"";
				DEVELOPMENT_TEAM = V6DK8MURYX;
				ENABLE_PREVIEWS = YES;
				GENERATE_INFOPLIST_FILE = YES;
				INFOPLIST_KEY_NSHealthShareUsageDescription = "Your health data is used to show you statistics and let you compare data against other people.";
				INFOPLIST_KEY_UIApplicationSceneManifest_Generation = YES;
				INFOPLIST_KEY_UIApplicationSupportsIndirectInputEvents = YES;
				INFOPLIST_KEY_UILaunchScreen_Generation = YES;
				INFOPLIST_KEY_UISupportedInterfaceOrientations_iPad = "UIInterfaceOrientationPortrait UIInterfaceOrientationPortraitUpsideDown UIInterfaceOrientationLandscapeLeft UIInterfaceOrientationLandscapeRight";
				INFOPLIST_KEY_UISupportedInterfaceOrientations_iPhone = "UIInterfaceOrientationPortrait UIInterfaceOrientationLandscapeLeft UIInterfaceOrientationLandscapeRight";
				LD_RUNPATH_SEARCH_PATHS = (
					"$(inherited)",
					"@executable_path/Frameworks",
				);
				MARKETING_VERSION = 1.0;
				PRODUCT_BUNDLE_IDENTIFIER = lu.cfx.Tenk;
				PRODUCT_NAME = "$(TARGET_NAME)";
				SWIFT_EMIT_LOC_STRINGS = YES;
				SWIFT_VERSION = 5.0;
				TARGETED_DEVICE_FAMILY = "1,2";
			};
			name = Release;
		};
/* End XCBuildConfiguration section */

/* Begin XCConfigurationList section */
		A2424F0E2AFBFAC800F703A3 /* Build configuration list for PBXProject "Tenk" */ = {
			isa = XCConfigurationList;
			buildConfigurations = (
				A2424F1F2AFBFACA00F703A3 /* Debug */,
				A2424F202AFBFACA00F703A3 /* Release */,
			);
			defaultConfigurationIsVisible = 0;
			defaultConfigurationName = Release;
		};
		A2424F212AFBFACA00F703A3 /* Build configuration list for PBXNativeTarget "Tenk" */ = {
			isa = XCConfigurationList;
			buildConfigurations = (
				A2424F222AFBFACA00F703A3 /* Debug */,
				A2424F232AFBFACA00F703A3 /* Release */,
			);
			defaultConfigurationIsVisible = 0;
			defaultConfigurationName = Release;
		};
/* End XCConfigurationList section */
	};
	rootObject = A2424F0B2AFBFAC800F703A3 /* Project object */;
}
